<Solution>
  <Folder Name="/samples/">
    <Project Path="samples/timewarp-mediator-examples-aot/timewarp-mediator-examples-aot.csproj" />
    <Project Path="samples/timewarp-mediator-examples-asp-net-core/timewarp-mediator-examples-asp-net-core.csproj" />
    <Project Path="samples/timewarp-mediator-examples-autofac/timewarp-mediator-examples-autofac.csproj" />
    <Project Path="samples/timewarp-mediator-examples-dry-ioc/timewarp-mediator-examples-dry-ioc.csproj" />
    <Project Path="samples/timewarp-mediator-examples-lamar/timewarp-mediator-examples-lamar.csproj" />
    <Project Path="samples/timewarp-mediator-examples-light-inject/timewarp-mediator-examples-light-inject.csproj" />
    <Project Path="samples/timewarp-mediator-examples-named-pipelines/timewarp-mediator-examples-named-pipelines.csproj" />
    <Project Path="samples/timewarp-mediator-examples-publish-strategies/timewarp-mediator-examples-publish-strategies.csproj" />
    <Project Path="samples/timewarp-mediator-examples-simple-injector/timewarp-mediator-examples-simple-injector.csproj" />
    <Project Path="samples/timewarp-mediator-examples-stashbox/timewarp-mediator-examples-stashbox.csproj" />
    <Project Path="samples/timewarp-mediator-examples-windsor/timewarp-mediator-examples-windsor.csproj" />
    <Project Path="samples/timewarp-mediator-examples/timewarp-mediator-examples.csproj" />
  </Folder>
  <Folder Name="/source/">
    <Project Path="source/timewarp-mediator-analyzers/timewarp-mediator-analyzers.csproj" />
    <Project Path="source/timewarp-mediator-contracts/timewarp-mediator-contracts.csproj" />
    <Project Path="source/timewarp-mediator-generators/timewarp-mediator-generators.csproj" />
    <Project Path="source/timewarp-mediator/timewarp-mediator.csproj" />
  </Folder>
  <Folder Name="/tests/">
    <Project Path="tests/timewarp-mediator-analyzers-tests/timewarp-mediator-analyzers-tests.csproj" />
    <Project Path="tests/timewarp-mediator-benchmarks-comparison/timewarp-mediator-benchmarks-comparison.csproj" />
    <Project Path="tests/timewarp-mediator-benchmarks/timewarp-mediator-benchmarks.csproj" />
    <Project Path="tests/timewarp-mediator-generators-tests/timewarp-mediator-generators-tests.csproj" />
    <Project Path="tests/timewarp-mediator-tests/timewarp-mediator-tests.csproj" />
  </Folder>
</Solution>
